
Microsoft Visual Studio Solution File, Format Version 12.00
# Visual Studio Version 17
VisualStudioVersion = 17.9.34728.123
MinimumVisualStudioVersion = 10.0.40219.1
Project("{FAE04EC0-301F-11D3-BF4B-00C04F79EFBC}") = "BaseLightSwitch", "BaseLightSwitch\BaseLightSwitch.csproj", "{068333C6-A4F3-4CBB-9568-236E59813E7D}"
EndProject
Global
	GlobalSection(SolutionConfigurationPlatforms) = preSolution
		Debug|Any CPU = Debug|Any CPU
		DebugNautilus|Any CPU = DebugNautilus|Any CPU
		Release|Any CPU = Release|Any CPU
		ReleaseNautilus|Any CPU = ReleaseNautilus|Any CPU
	EndGlobalSection
	GlobalSection(ProjectConfigurationPlatforms) = postSolution
		{068333C6-A4F3-4CBB-9568-236E59813E7D}.Debug|Any CPU.ActiveCfg = Debug|Any CPU
		{068333C6-A4F3-4CBB-9568-236E59813E7D}.Debug|Any CPU.Build.0 = Debug|Any CPU
		{068333C6-A4F3-4CBB-9568-236E59813E7D}.DebugNautilus|Any CPU.ActiveCfg = DebugNautilus|Any CPU
		{068333C6-A4F3-4CBB-9568-236E59813E7D}.DebugNautilus|Any CPU.Build.0 = DebugNautilus|Any CPU
		{068333C6-A4F3-4CBB-9568-236E59813E7D}.Release|Any CPU.ActiveCfg = Release|Any CPU
		{068333C6-A4F3-4CBB-9568-236E59813E7D}.Release|Any CPU.Build.0 = Release|Any CPU
		{068333C6-A4F3-4CBB-9568-236E59813E7D}.ReleaseNautilus|Any CPU.ActiveCfg = ReleaseNautilus|Any CPU
		{068333C6-A4F3-4CBB-9568-236E59813E7D}.ReleaseNautilus|Any CPU.Build.0 = ReleaseNautilus|Any CPU
	EndGlobalSection
	GlobalSection(SolutionProperties) = preSolution
		HideSolutionNode = FALSE
	EndGlobalSection
EndGlobal
